
Microsoft Visual Studio Solution File, Format Version 11.00
# Visual Studio 2010
Project("{8BC9CEB8-8B4A-11D0-8D11-00A0C91BC942}") = "svm", "svm\svm.vcxproj", "{61F82FED-A9B1-4E23-9BD1-342D29FBDDF8}"
EndProject
Global
	GlobalSection(SolutionConfigurationPlatforms) = preSolution
		Debug|Win32 = Debug|Win32
		Release|Win32 = Release|Win32
	EndGlobalSection
	GlobalSection(ProjectConfigurationPlatforms) = postSolution
		{61F82FED-A9B1-4E23-9BD1-342D29FBDDF8}.Debug|Win32.ActiveCfg = Debug|Win32
		{61F82FED-A9B1-4E23-9BD1-342D29FBDDF8}.Debug|Win32.Build.0 = Debug|Win32
		{61F82FED-A9B1-4E23-9BD1-342D29FBDDF8}.Release|Win32.ActiveCfg = Release|Win32
		{61F82FED-A9B1-4E23-9BD1-342D29FBDDF8}.Release|Win32.Build.0 = Release|Win32
	EndGlobalSection
	GlobalSection(SolutionProperties) = preSolution
		HideSolutionNode = FALSE
	EndGlobalSection
EndGlobal
